
Microsoft Visual Studio Solution File, Format Version 12.00
# Visual Studio Version 16
VisualStudioVersion = 16.0.30523.141
MinimumVisualStudioVersion = 10.0.40219.1
Project("{FAE04EC0-301F-11D3-BF4B-00C04F79EFBC}") = "Medan_Rodica_Lab8", "Medan_Rodica_Lab8.csproj", "{02FE2F44-E223-431E-8B93-30AEBCC816A0}"
EndProject
Global
	GlobalSection(SolutionConfigurationPlatforms) = preSolution
		Debug|Any CPU = Debug|Any CPU
		Release|Any CPU = Release|Any CPU
	EndGlobalSection
	GlobalSection(ProjectConfigurationPlatforms) = postSolution
		{02FE2F44-E223-431E-8B93-30AEBCC816A0}.Debug|Any CPU.ActiveCfg = Debug|Any CPU
		{02FE2F44-E223-431E-8B93-30AEBCC816A0}.Debug|Any CPU.Build.0 = Debug|Any CPU
		{02FE2F44-E223-431E-8B93-30AEBCC816A0}.Release|Any CPU.ActiveCfg = Release|Any CPU
		{02FE2F44-E223-431E-8B93-30AEBCC816A0}.Release|Any CPU.Build.0 = Release|Any CPU
	EndGlobalSection
	GlobalSection(SolutionProperties) = preSolution
		HideSolutionNode = FALSE
	EndGlobalSection
	GlobalSection(ExtensibilityGlobals) = postSolution
		SolutionGuid = {B29B5315-DF06-48B3-9DC3-ABFB17C52026}
	EndGlobalSection
EndGlobal
